// !$*UTF8*$!
{
	archiveVersion = 1;
	classes = {
	};
	objectVersion = 56;
	objects = {

/* Begin PBXBuildFile section */
		04479B9E2C8B257600B886AE /* BugReportView.swift in Sources */ = {isa = PBXBuildFile; fileRef = 04479B9D2C8B257600B886AE /* BugReportView.swift */; };
		04479BA02C8B259F00B886AE /* BugReportViewModel.swift in Sources */ = {isa = PBXBuildFile; fileRef = 04479B9F2C8B259F00B886AE /* BugReportViewModel.swift */; };
		04479BA32C8B261400B886AE /* ImagePicker.swift in Sources */ = {isa = PBXBuildFile; fileRef = 04479BA22C8B261400B886AE /* ImagePicker.swift */; };
		04479BA52C8B262B00B886AE /* DotLoader.swift in Sources */ = {isa = PBXBuildFile; fileRef = 04479BA42C8B262B00B886AE /* DotLoader.swift */; };
		04479BA82C8B289B00B886AE /* FirebaseStorage in Frameworks */ = {isa = PBXBuildFile; productRef = 04479BA72C8B289B00B886AE /* FirebaseStorage */; };
		04479BAC2C8B28D000B886AE /* StorageService.swift in Sources */ = {isa = PBXBuildFile; fileRef = 04479BAB2C8B28D000B886AE /* StorageService.swift */; };
		04479BAE2C8B28E900B886AE /* FirebaseStorageService.swift in Sources */ = {isa = PBXBuildFile; fileRef = 04479BAD2C8B28E900B886AE /* FirebaseStorageService.swift */; };
		04479BBB2C8B2B8C00B886AE /* GoogleService-Info.plist in Resources */ = {isa = PBXBuildFile; fileRef = 04479BBA2C8B2B8C00B886AE /* GoogleService-Info.plist */; };
		04479BC12C8B31F100B886AE /* Constants.swift in Sources */ = {isa = PBXBuildFile; fileRef = 04479BC02C8B31F100B886AE /* Constants.swift */; };
		04479BC32C8B321A00B886AE /* Date+Extension.swift in Sources */ = {isa = PBXBuildFile; fileRef = 04479BC22C8B321A00B886AE /* Date+Extension.swift */; };
		04479BC52C8B325C00B886AE /* BugReportService.swift in Sources */ = {isa = PBXBuildFile; fileRef = 04479BC42C8B325C00B886AE /* BugReportService.swift */; };
		04479BC82C8B339400B886AE /* GoogleSignInManager.swift in Sources */ = {isa = PBXBuildFile; fileRef = 04479BC72C8B339400B886AE /* GoogleSignInManager.swift */; };
		04479BCB2C8B33D100B886AE /* GoogleSignIn in Frameworks */ = {isa = PBXBuildFile; productRef = 04479BCA2C8B33D100B886AE /* GoogleSignIn */; };
		04479BCD2C8B33D100B886AE /* GoogleSignInSwift in Frameworks */ = {isa = PBXBuildFile; productRef = 04479BCC2C8B33D100B886AE /* GoogleSignInSwift */; };
		04479BD02C8B355200B886AE /* GoogleSheetsService.swift in Sources */ = {isa = PBXBuildFile; fileRef = 04479BCF2C8B355200B886AE /* GoogleSheetsService.swift */; };
		049879C22C8B35F500C49457 /* GoogleAPIClientForREST_Sheets in Frameworks */ = {isa = PBXBuildFile; productRef = 049879C12C8B35F500C49457 /* GoogleAPIClientForREST_Sheets */; };
		049879C42C8B362900C49457 /* BugReportUploaderService.swift in Sources */ = {isa = PBXBuildFile; fileRef = 049879C32C8B362900C49457 /* BugReportUploaderService.swift */; };
		049879D92C8B4D6100C49457 /* ShareViewController.swift in Sources */ = {isa = PBXBuildFile; fileRef = 049879D82C8B4D6100C49457 /* ShareViewController.swift */; };
		049879DC2C8B4D6100C49457 /* MainInterface.storyboard in Resources */ = {isa = PBXBuildFile; fileRef = 049879DA2C8B4D6100C49457 /* MainInterface.storyboard */; };
		049879E02C8B4D6100C49457 /* Share.appex in Embed Foundation Extensions */ = {isa = PBXBuildFile; fileRef = 049879D62C8B4D6100C49457 /* Share.appex */; settings = {ATTRIBUTES = (RemoveHeadersOnCopy, ); }; };
		049879E82C8B4E6B00C49457 /* ShareViewModel.swift in Sources */ = {isa = PBXBuildFile; fileRef = 049879E72C8B4E6B00C49457 /* ShareViewModel.swift */; };
		049879EA2C8B4EAE00C49457 /* BugStorageManager.swift in Sources */ = {isa = PBXBuildFile; fileRef = 049879E92C8B4EAE00C49457 /* BugStorageManager.swift */; };
		049879EB2C8B4EAE00C49457 /* BugStorageManager.swift in Sources */ = {isa = PBXBuildFile; fileRef = 049879E92C8B4EAE00C49457 /* BugStorageManager.swift */; };
		049879EE2C8B4EB900C49457 /* UserDefaultsBugManager.swift in Sources */ = {isa = PBXBuildFile; fileRef = 049879EC2C8B4EB900C49457 /* UserDefaultsBugManager.swift */; };
		049879EF2C8B4EB900C49457 /* UserDefaultsBugManager.swift in Sources */ = {isa = PBXBuildFile; fileRef = 049879EC2C8B4EB900C49457 /* UserDefaultsBugManager.swift */; };
		049879F02C8B4EB900C49457 /* SwiftDataBugManager.swift in Sources */ = {isa = PBXBuildFile; fileRef = 049879ED2C8B4EB900C49457 /* SwiftDataBugManager.swift */; };
		049879F12C8B4EB900C49457 /* SwiftDataBugManager.swift in Sources */ = {isa = PBXBuildFile; fileRef = 049879ED2C8B4EB900C49457 /* SwiftDataBugManager.swift */; };
		049879F42C8B4F3F00C49457 /* Bug.swift in Sources */ = {isa = PBXBuildFile; fileRef = 049879F32C8B4F3F00C49457 /* Bug.swift */; };
		049879F52C8B4F3F00C49457 /* Bug.swift in Sources */ = {isa = PBXBuildFile; fileRef = 049879F32C8B4F3F00C49457 /* Bug.swift */; };
		049879F72C8B4F5F00C49457 /* BugModel.swift in Sources */ = {isa = PBXBuildFile; fileRef = 049879F62C8B4F5F00C49457 /* BugModel.swift */; };
		049879F82C8B4F5F00C49457 /* BugModel.swift in Sources */ = {isa = PBXBuildFile; fileRef = 049879F62C8B4F5F00C49457 /* BugModel.swift */; };
		04AF914A2C97656800006520 /* BugStorageManagerFactory.swift in Sources */ = {isa = PBXBuildFile; fileRef = 04AF91492C97656800006520 /* BugStorageManagerFactory.swift */; };
		04AF914B2C97662000006520 /* BugStorageManagerFactory.swift in Sources */ = {isa = PBXBuildFile; fileRef = 04AF91492C97656800006520 /* BugStorageManagerFactory.swift */; };
		04F6BFE02C8B1A3D00F037CC /* BugItApp.swift in Sources */ = {isa = PBXBuildFile; fileRef = 04F6BFDF2C8B1A3D00F037CC /* BugItApp.swift */; };
		04F6BFE42C8B1A3E00F037CC /* Assets.xcassets in Resources */ = {isa = PBXBuildFile; fileRef = 04F6BFE32C8B1A3E00F037CC /* Assets.xcassets */; };
		04F6BFE72C8B1A3E00F037CC /* Preview Assets.xcassets in Resources */ = {isa = PBXBuildFile; fileRef = 04F6BFE62C8B1A3E00F037CC /* Preview Assets.xcassets */; };
/* End PBXBuildFile section */

/* Begin PBXContainerItemProxy section */
		049879DE2C8B4D6100C49457 /* PBXContainerItemProxy */ = {
			isa = PBXContainerItemProxy;
			containerPortal = 04F6BFD42C8B1A3D00F037CC /* Project object */;
			proxyType = 1;
			remoteGlobalIDString = 049879D52C8B4D6100C49457;
			remoteInfo = Share;
		};
/* End PBXContainerItemProxy section */

/* Begin PBXCopyFilesBuildPhase section */
		049879E42C8B4D6100C49457 /* Embed Foundation Extensions */ = {
			isa = PBXCopyFilesBuildPhase;
			buildActionMask = 2147483647;
			dstPath = "";
			dstSubfolderSpec = 13;
			files = (
				049879E02C8B4D6100C49457 /* Share.appex in Embed Foundation Extensions */,
			);
			name = "Embed Foundation Extensions";
			runOnlyForDeploymentPostprocessing = 0;
		};
/* End PBXCopyFilesBuildPhase section */

/* Begin PBXFileReference section */
		04479B9D2C8B257600B886AE /* BugReportView.swift */ = {isa = PBXFileReference; lastKnownFileType = sourcecode.swift; path = BugReportView.swift; sourceTree = "<group>"; };
		04479B9F2C8B259F00B886AE /* BugReportViewModel.swift */ = {isa = PBXFileReference; lastKnownFileType = sourcecode.swift; path = BugReportViewModel.swift; sourceTree = "<group>"; };
		04479BA22C8B261400B886AE /* ImagePicker.swift */ = {isa = PBXFileReference; lastKnownFileType = sourcecode.swift; path = ImagePicker.swift; sourceTree = "<group>"; };
		04479BA42C8B262B00B886AE /* DotLoader.swift */ = {isa = PBXFileReference; lastKnownFileType = sourcecode.swift; path = DotLoader.swift; sourceTree = "<group>"; };
		04479BAB2C8B28D000B886AE /* StorageService.swift */ = {isa = PBXFileReference; lastKnownFileType = sourcecode.swift; path = StorageService.swift; sourceTree = "<group>"; };
		04479BAD2C8B28E900B886AE /* FirebaseStorageService.swift */ = {isa = PBXFileReference; lastKnownFileType = sourcecode.swift; path = FirebaseStorageService.swift; sourceTree = "<group>"; };
		04479BBA2C8B2B8C00B886AE /* GoogleService-Info.plist */ = {isa = PBXFileReference; fileEncoding = 4; lastKnownFileType = text.plist.xml; path = "GoogleService-Info.plist"; sourceTree = "<group>"; };
		04479BC02C8B31F100B886AE /* Constants.swift */ = {isa = PBXFileReference; lastKnownFileType = sourcecode.swift; path = Constants.swift; sourceTree = "<group>"; };
		04479BC22C8B321A00B886AE /* Date+Extension.swift */ = {isa = PBXFileReference; lastKnownFileType = sourcecode.swift; path = "Date+Extension.swift"; sourceTree = "<group>"; };
		04479BC42C8B325C00B886AE /* BugReportService.swift */ = {isa = PBXFileReference; lastKnownFileType = sourcecode.swift; path = BugReportService.swift; sourceTree = "<group>"; };
		04479BC72C8B339400B886AE /* GoogleSignInManager.swift */ = {isa = PBXFileReference; lastKnownFileType = sourcecode.swift; path = GoogleSignInManager.swift; sourceTree = "<group>"; };
		04479BCE2C8B33FB00B886AE /* Info.plist */ = {isa = PBXFileReference; lastKnownFileType = text.plist; path = Info.plist; sourceTree = "<group>"; };
		04479BCF2C8B355200B886AE /* GoogleSheetsService.swift */ = {isa = PBXFileReference; lastKnownFileType = sourcecode.swift; path = GoogleSheetsService.swift; sourceTree = "<group>"; };
		049879C32C8B362900C49457 /* BugReportUploaderService.swift */ = {isa = PBXFileReference; lastKnownFileType = sourcecode.swift; path = BugReportUploaderService.swift; sourceTree = "<group>"; };
		049879D62C8B4D6100C49457 /* Share.appex */ = {isa = PBXFileReference; explicitFileType = "wrapper.app-extension"; includeInIndex = 0; path = Share.appex; sourceTree = BUILT_PRODUCTS_DIR; };
		049879D82C8B4D6100C49457 /* ShareViewController.swift */ = {isa = PBXFileReference; lastKnownFileType = sourcecode.swift; path = ShareViewController.swift; sourceTree = "<group>"; };
		049879DB2C8B4D6100C49457 /* Base */ = {isa = PBXFileReference; lastKnownFileType = file.storyboard; name = Base; path = Base.lproj/MainInterface.storyboard; sourceTree = "<group>"; };
		049879DD2C8B4D6100C49457 /* Info.plist */ = {isa = PBXFileReference; lastKnownFileType = text.plist.xml; path = Info.plist; sourceTree = "<group>"; };
		049879E52C8B4D6700C49457 /* Share.entitlements */ = {isa = PBXFileReference; lastKnownFileType = text.plist.entitlements; path = Share.entitlements; sourceTree = "<group>"; };
		049879E62C8B4D6F00C49457 /* BugIt.entitlements */ = {isa = PBXFileReference; lastKnownFileType = text.plist.entitlements; path = BugIt.entitlements; sourceTree = "<group>"; };
		049879E72C8B4E6B00C49457 /* ShareViewModel.swift */ = {isa = PBXFileReference; lastKnownFileType = sourcecode.swift; path = ShareViewModel.swift; sourceTree = "<group>"; };
		049879E92C8B4EAE00C49457 /* BugStorageManager.swift */ = {isa = PBXFileReference; fileEncoding = 4; lastKnownFileType = sourcecode.swift; path = BugStorageManager.swift; sourceTree = "<group>"; };
		049879EC2C8B4EB900C49457 /* UserDefaultsBugManager.swift */ = {isa = PBXFileReference; fileEncoding = 4; lastKnownFileType = sourcecode.swift; path = UserDefaultsBugManager.swift; sourceTree = "<group>"; };
		049879ED2C8B4EB900C49457 /* SwiftDataBugManager.swift */ = {isa = PBXFileReference; fileEncoding = 4; lastKnownFileType = sourcecode.swift; path = SwiftDataBugManager.swift; sourceTree = "<group>"; };
		049879F32C8B4F3F00C49457 /* Bug.swift */ = {isa = PBXFileReference; lastKnownFileType = sourcecode.swift; path = Bug.swift; sourceTree = "<group>"; };
		049879F62C8B4F5F00C49457 /* BugModel.swift */ = {isa = PBXFileReference; lastKnownFileType = sourcecode.swift; path = BugModel.swift; sourceTree = "<group>"; };
		04AF91492C97656800006520 /* BugStorageManagerFactory.swift */ = {isa = PBXFileReference; lastKnownFileType = sourcecode.swift; path = BugStorageManagerFactory.swift; sourceTree = "<group>"; };
		04F6BFDC2C8B1A3D00F037CC /* BugIt.app */ = {isa = PBXFileReference; explicitFileType = wrapper.application; includeInIndex = 0; path = BugIt.app; sourceTree = BUILT_PRODUCTS_DIR; };
		04F6BFDF2C8B1A3D00F037CC /* BugItApp.swift */ = {isa = PBXFileReference; lastKnownFileType = sourcecode.swift; path = BugItApp.swift; sourceTree = "<group>"; };
		04F6BFE32C8B1A3E00F037CC /* Assets.xcassets */ = {isa = PBXFileReference; lastKnownFileType = folder.assetcatalog; path = Assets.xcassets; sourceTree = "<group>"; };
		04F6BFE62C8B1A3E00F037CC /* Preview Assets.xcassets */ = {isa = PBXFileReference; lastKnownFileType = folder.assetcatalog; path = "Preview Assets.xcassets"; sourceTree = "<group>"; };
/* End PBXFileReference section */

/* Begin PBXFrameworksBuildPhase section */
		049879D32C8B4D6100C49457 /* Frameworks */ = {
			isa = PBXFrameworksBuildPhase;
			buildActionMask = 2147483647;
			files = (
			);
			runOnlyForDeploymentPostprocessing = 0;
		};
		04F6BFD92C8B1A3D00F037CC /* Frameworks */ = {
			isa = PBXFrameworksBuildPhase;
			buildActionMask = 2147483647;
			files = (
				04479BCD2C8B33D100B886AE /* GoogleSignInSwift in Frameworks */,
				04479BA82C8B289B00B886AE /* FirebaseStorage in Frameworks */,
				04479BCB2C8B33D100B886AE /* GoogleSignIn in Frameworks */,
				049879C22C8B35F500C49457 /* GoogleAPIClientForREST_Sheets in Frameworks */,
			);
			runOnlyForDeploymentPostprocessing = 0;
		};
/* End PBXFrameworksBuildPhase section */

/* Begin PBXGroup section */
		04479B9B2C8B252900B886AE /* Scenes */ = {
			isa = PBXGroup;
			children = (
				04479B9C2C8B255400B886AE /* BugReport */,
			);
			path = Scenes;
			sourceTree = "<group>";
		};
		04479B9C2C8B255400B886AE /* BugReport */ = {
			isa = PBXGroup;
			children = (
				04479B9D2C8B257600B886AE /* BugReportView.swift */,
				04479B9F2C8B259F00B886AE /* BugReportViewModel.swift */,
			);
			path = BugReport;
			sourceTree = "<group>";
		};
		04479BA12C8B25EE00B886AE /* Components */ = {
			isa = PBXGroup;
			children = (
				04479BA22C8B261400B886AE /* ImagePicker.swift */,
				04479BA42C8B262B00B886AE /* DotLoader.swift */,
			);
			path = Components;
			sourceTree = "<group>";
		};
		04479BA92C8B28A900B886AE /* Services */ = {
			isa = PBXGroup;
			children = (
				04479BAA2C8B28BA00B886AE /* Protocols */,
				04479BAD2C8B28E900B886AE /* FirebaseStorageService.swift */,
				04479BC72C8B339400B886AE /* GoogleSignInManager.swift */,
				04479BCF2C8B355200B886AE /* GoogleSheetsService.swift */,
				049879C32C8B362900C49457 /* BugReportUploaderService.swift */,
				049879ED2C8B4EB900C49457 /* SwiftDataBugManager.swift */,
				049879EC2C8B4EB900C49457 /* UserDefaultsBugManager.swift */,
				04AF91492C97656800006520 /* BugStorageManagerFactory.swift */,
			);
			path = Services;
			sourceTree = "<group>";
		};
		04479BAA2C8B28BA00B886AE /* Protocols */ = {
			isa = PBXGroup;
			children = (
				049879E92C8B4EAE00C49457 /* BugStorageManager.swift */,
				04479BAB2C8B28D000B886AE /* StorageService.swift */,
				04479BC42C8B325C00B886AE /* BugReportService.swift */,
			);
			path = Protocols;
			sourceTree = "<group>";
		};
		04479BBE2C8B31CE00B886AE /* Helpers */ = {
			isa = PBXGroup;
			children = (
				04479BBF2C8B31E100B886AE /* Extensions */,
				04479BC02C8B31F100B886AE /* Constants.swift */,
			);
			path = Helpers;
			sourceTree = "<group>";
		};
		04479BBF2C8B31E100B886AE /* Extensions */ = {
			isa = PBXGroup;
			children = (
				04479BC22C8B321A00B886AE /* Date+Extension.swift */,
			);
			path = Extensions;
			sourceTree = "<group>";
		};
		049879C02C8B35F500C49457 /* Frameworks */ = {
			isa = PBXGroup;
			children = (
			);
			name = Frameworks;
			sourceTree = "<group>";
		};
		049879D72C8B4D6100C49457 /* Share */ = {
			isa = PBXGroup;
			children = (
				049879E52C8B4D6700C49457 /* Share.entitlements */,
				049879D82C8B4D6100C49457 /* ShareViewController.swift */,
				049879E72C8B4E6B00C49457 /* ShareViewModel.swift */,
				049879DA2C8B4D6100C49457 /* MainInterface.storyboard */,
				049879DD2C8B4D6100C49457 /* Info.plist */,
			);
			path = Share;
			sourceTree = "<group>";
		};
		049879F22C8B4EC900C49457 /* Models */ = {
			isa = PBXGroup;
			children = (
				049879F32C8B4F3F00C49457 /* Bug.swift */,
				049879F62C8B4F5F00C49457 /* BugModel.swift */,
			);
			path = Models;
			sourceTree = "<group>";
		};
		04F6BFD32C8B1A3D00F037CC = {
			isa = PBXGroup;
			children = (
				04F6BFDE2C8B1A3D00F037CC /* BugIt */,
				049879D72C8B4D6100C49457 /* Share */,
				04F6BFDD2C8B1A3D00F037CC /* Products */,
				049879C02C8B35F500C49457 /* Frameworks */,
			);
			sourceTree = "<group>";
		};
		04F6BFDD2C8B1A3D00F037CC /* Products */ = {
			isa = PBXGroup;
			children = (
				04F6BFDC2C8B1A3D00F037CC /* BugIt.app */,
				049879D62C8B4D6100C49457 /* Share.appex */,
			);
			name = Products;
			sourceTree = "<group>";
		};
		04F6BFDE2C8B1A3D00F037CC /* BugIt */ = {
			isa = PBXGroup;
			children = (
				049879E62C8B4D6F00C49457 /* BugIt.entitlements */,
				04F6BFDF2C8B1A3D00F037CC /* BugItApp.swift */,
				04479B9B2C8B252900B886AE /* Scenes */,
				04479BA92C8B28A900B886AE /* Services */,
				049879F22C8B4EC900C49457 /* Models */,
				04479BBE2C8B31CE00B886AE /* Helpers */,
				04479BA12C8B25EE00B886AE /* Components */,
				04479BBA2C8B2B8C00B886AE /* GoogleService-Info.plist */,
				04479BCE2C8B33FB00B886AE /* Info.plist */,
				04F6BFE32C8B1A3E00F037CC /* Assets.xcassets */,
				04F6BFE52C8B1A3E00F037CC /* Preview Content */,
			);
			path = BugIt;
			sourceTree = "<group>";
		};
		04F6BFE52C8B1A3E00F037CC /* Preview Content */ = {
			isa = PBXGroup;
			children = (
				04F6BFE62C8B1A3E00F037CC /* Preview Assets.xcassets */,
			);
			path = "Preview Content";
			sourceTree = "<group>";
		};
/* End PBXGroup section */

/* Begin PBXNativeTarget section */
		049879D52C8B4D6100C49457 /* Share */ = {
			isa = PBXNativeTarget;
			buildConfigurationList = 049879E12C8B4D6100C49457 /* Build configuration list for PBXNativeTarget "Share" */;
			buildPhases = (
				049879D22C8B4D6100C49457 /* Sources */,
				049879D32C8B4D6100C49457 /* Frameworks */,
				049879D42C8B4D6100C49457 /* Resources */,
			);
			buildRules = (
			);
			dependencies = (
			);
			name = Share;
			productName = Share;
			productReference = 049879D62C8B4D6100C49457 /* Share.appex */;
			productType = "com.apple.product-type.app-extension";
		};
		04F6BFDB2C8B1A3D00F037CC /* BugIt */ = {
			isa = PBXNativeTarget;
			buildConfigurationList = 04F6BFEA2C8B1A3E00F037CC /* Build configuration list for PBXNativeTarget "BugIt" */;
			buildPhases = (
				04F6BFD82C8B1A3D00F037CC /* Sources */,
				04F6BFD92C8B1A3D00F037CC /* Frameworks */,
				04F6BFDA2C8B1A3D00F037CC /* Resources */,
				049879E42C8B4D6100C49457 /* Embed Foundation Extensions */,
			);
			buildRules = (
			);
			dependencies = (
				049879DF2C8B4D6100C49457 /* PBXTargetDependency */,
			);
			name = BugIt;
			packageProductDependencies = (
				04479BA72C8B289B00B886AE /* FirebaseStorage */,
				04479BCA2C8B33D100B886AE /* GoogleSignIn */,
				04479BCC2C8B33D100B886AE /* GoogleSignInSwift */,
				049879C12C8B35F500C49457 /* GoogleAPIClientForREST_Sheets */,
			);
			productName = BugIt;
			productReference = 04F6BFDC2C8B1A3D00F037CC /* BugIt.app */;
			productType = "com.apple.product-type.application";
		};
/* End PBXNativeTarget section */

/* Begin PBXProject section */
		04F6BFD42C8B1A3D00F037CC /* Project object */ = {
			isa = PBXProject;
			attributes = {
				BuildIndependentTargetsInParallel = 1;
				LastSwiftUpdateCheck = 1520;
				LastUpgradeCheck = 1520;
				TargetAttributes = {
					049879D52C8B4D6100C49457 = {
						CreatedOnToolsVersion = 15.2;
					};
					04F6BFDB2C8B1A3D00F037CC = {
						CreatedOnToolsVersion = 15.2;
					};
				};
			};
			buildConfigurationList = 04F6BFD72C8B1A3D00F037CC /* Build configuration list for PBXProject "BugIt" */;
			compatibilityVersion = "Xcode 14.0";
			developmentRegion = en;
			hasScannedForEncodings = 0;
			knownRegions = (
				en,
				Base,
			);
			mainGroup = 04F6BFD32C8B1A3D00F037CC;
			packageReferences = (
				04479BA62C8B289B00B886AE /* XCRemoteSwiftPackageReference "firebase-ios-sdk" */,
				04479BC92C8B33D100B886AE /* XCRemoteSwiftPackageReference "GoogleSignIn-iOS" */,
				049879A32C8B35D500C49457 /* XCRemoteSwiftPackageReference "google-api-objectivec-client-for-rest" */,
			);
			productRefGroup = 04F6BFDD2C8B1A3D00F037CC /* Products */;
			projectDirPath = "";
			projectRoot = "";
			targets = (
				04F6BFDB2C8B1A3D00F037CC /* BugIt */,
				049879D52C8B4D6100C49457 /* Share */,
			);
		};
/* End PBXProject section */

/* Begin PBXResourcesBuildPhase section */
		049879D42C8B4D6100C49457 /* Resources */ = {
			isa = PBXResourcesBuildPhase;
			buildActionMask = 2147483647;
			files = (
				049879DC2C8B4D6100C49457 /* MainInterface.storyboard in Resources */,
			);
			runOnlyForDeploymentPostprocessing = 0;
		};
		04F6BFDA2C8B1A3D00F037CC /* Resources */ = {
			isa = PBXResourcesBuildPhase;
			buildActionMask = 2147483647;
			files = (
				04F6BFE72C8B1A3E00F037CC /* Preview Assets.xcassets in Resources */,
				04F6BFE42C8B1A3E00F037CC /* Assets.xcassets in Resources */,
				04479BBB2C8B2B8C00B886AE /* GoogleService-Info.plist in Resources */,
			);
			runOnlyForDeploymentPostprocessing = 0;
		};
/* End PBXResourcesBuildPhase section */

/* Begin PBXSourcesBuildPhase section */
		049879D22C8B4D6100C49457 /* Sources */ = {
			isa = PBXSourcesBuildPhase;
			buildActionMask = 2147483647;
			files = (
				049879F82C8B4F5F00C49457 /* BugModel.swift in Sources */,
				049879F52C8B4F3F00C49457 /* Bug.swift in Sources */,
				049879E82C8B4E6B00C49457 /* ShareViewModel.swift in Sources */,
				049879EB2C8B4EAE00C49457 /* BugStorageManager.swift in Sources */,
				049879F12C8B4EB900C49457 /* SwiftDataBugManager.swift in Sources */,
				049879D92C8B4D6100C49457 /* ShareViewController.swift in Sources */,
				049879EF2C8B4EB900C49457 /* UserDefaultsBugManager.swift in Sources */,
				04AF914B2C97662000006520 /* BugStorageManagerFactory.swift in Sources */,
			);
			runOnlyForDeploymentPostprocessing = 0;
		};
		04F6BFD82C8B1A3D00F037CC /* Sources */ = {
			isa = PBXSourcesBuildPhase;
			buildActionMask = 2147483647;
			files = (
				04479B9E2C8B257600B886AE /* BugReportView.swift in Sources */,
				04AF914A2C97656800006520 /* BugStorageManagerFactory.swift in Sources */,
				04479BAE2C8B28E900B886AE /* FirebaseStorageService.swift in Sources */,
				049879F72C8B4F5F00C49457 /* BugModel.swift in Sources */,
				04479BC82C8B339400B886AE /* GoogleSignInManager.swift in Sources */,
				04479BAC2C8B28D000B886AE /* StorageService.swift in Sources */,
				049879F02C8B4EB900C49457 /* SwiftDataBugManager.swift in Sources */,
				04479BA32C8B261400B886AE /* ImagePicker.swift in Sources */,
				04479BC52C8B325C00B886AE /* BugReportService.swift in Sources */,
				04479BD02C8B355200B886AE /* GoogleSheetsService.swift in Sources */,
				04479BA02C8B259F00B886AE /* BugReportViewModel.swift in Sources */,
				049879C42C8B362900C49457 /* BugReportUploaderService.swift in Sources */,
				04F6BFE02C8B1A3D00F037CC /* BugItApp.swift in Sources */,
				049879EA2C8B4EAE00C49457 /* BugStorageManager.swift in Sources */,
				049879EE2C8B4EB900C49457 /* UserDefaultsBugManager.swift in Sources */,
				04479BA52C8B262B00B886AE /* DotLoader.swift in Sources */,
				049879F42C8B4F3F00C49457 /* Bug.swift in Sources */,
				04479BC12C8B31F100B886AE /* Constants.swift in Sources */,
				04479BC32C8B321A00B886AE /* Date+Extension.swift in Sources */,
			);
			runOnlyForDeploymentPostprocessing = 0;
		};
/* End PBXSourcesBuildPhase section */

/* Begin PBXTargetDependency section */
		049879DF2C8B4D6100C49457 /* PBXTargetDependency */ = {
			isa = PBXTargetDependency;
			target = 049879D52C8B4D6100C49457 /* Share */;
			targetProxy = 049879DE2C8B4D6100C49457 /* PBXContainerItemProxy */;
		};
/* End PBXTargetDependency section */

/* Begin PBXVariantGroup section */
		049879DA2C8B4D6100C49457 /* MainInterface.storyboard */ = {
			isa = PBXVariantGroup;
			children = (
				049879DB2C8B4D6100C49457 /* Base */,
			);
			name = MainInterface.storyboard;
			sourceTree = "<group>";
		};
/* End PBXVariantGroup section */

/* Begin XCBuildConfiguration section */
		049879E22C8B4D6100C49457 /* Debug */ = {
			isa = XCBuildConfiguration;
			buildSettings = {
				CODE_SIGN_ENTITLEMENTS = Share/Share.entitlements;
				CODE_SIGN_STYLE = Automatic;
				CURRENT_PROJECT_VERSION = 1;
				DEVELOPMENT_TEAM = 42X54ZR4SN;
				GENERATE_INFOPLIST_FILE = YES;
				INFOPLIST_FILE = Share/Info.plist;
				INFOPLIST_KEY_CFBundleDisplayName = Share;
				INFOPLIST_KEY_NSHumanReadableCopyright = "";
				LD_RUNPATH_SEARCH_PATHS = (
					"$(inherited)",
					"@executable_path/Frameworks",
					"@executable_path/../../Frameworks",
				);
				MARKETING_VERSION = 1.0;
				PRODUCT_BUNDLE_IDENTIFIER = com.AbdulrahmanAlaa.BugIt.Share;
				PRODUCT_NAME = "$(TARGET_NAME)";
				SKIP_INSTALL = YES;
				SWIFT_EMIT_LOC_STRINGS = YES;
				SWIFT_VERSION = 5.0;
				TARGETED_DEVICE_FAMILY = "1,2";
			};
			name = Debug;
		};
		049879E32C8B4D6100C49457 /* Release */ = {
			isa = XCBuildConfiguration;
			buildSettings = {
				CODE_SIGN_ENTITLEMENTS = Share/Share.entitlements;
				CODE_SIGN_STYLE = Automatic;
				CURRENT_PROJECT_VERSION = 1;
				DEVELOPMENT_TEAM = 42X54ZR4SN;
				GENERATE_INFOPLIST_FILE = YES;
				INFOPLIST_FILE = Share/Info.plist;
				INFOPLIST_KEY_CFBundleDisplayName = Share;
				INFOPLIST_KEY_NSHumanReadableCopyright = "";
				LD_RUNPATH_SEARCH_PATHS = (
					"$(inherited)",
					"@executable_path/Frameworks",
					"@executable_path/../../Frameworks",
				);
				MARKETING_VERSION = 1.0;
				PRODUCT_BUNDLE_IDENTIFIER = com.AbdulrahmanAlaa.BugIt.Share;
				PRODUCT_NAME = "$(TARGET_NAME)";
				SKIP_INSTALL = YES;
				SWIFT_EMIT_LOC_STRINGS = YES;
				SWIFT_VERSION = 5.0;
				TARGETED_DEVICE_FAMILY = "1,2";
			};
			name = Release;
		};
		04F6BFE82C8B1A3E00F037CC /* Debug */ = {
			isa = XCBuildConfiguration;
			buildSettings = {
				ALWAYS_SEARCH_USER_PATHS = NO;
				ASSETCATALOG_COMPILER_GENERATE_SWIFT_ASSET_SYMBOL_EXTENSIONS = YES;
				CLANG_ANALYZER_NONNULL = YES;
				CLANG_ANALYZER_NUMBER_OBJECT_CONVERSION = YES_AGGRESSIVE;
				CLANG_CXX_LANGUAGE_STANDARD = "gnu++20";
				CLANG_ENABLE_MODULES = YES;
				CLANG_ENABLE_OBJC_ARC = YES;
				CLANG_ENABLE_OBJC_WEAK = YES;
				CLANG_WARN_BLOCK_CAPTURE_AUTORELEASING = YES;
				CLANG_WARN_BOOL_CONVERSION = YES;
				CLANG_WARN_COMMA = YES;
				CLANG_WARN_CONSTANT_CONVERSION = YES;
				CLANG_WARN_DEPRECATED_OBJC_IMPLEMENTATIONS = YES;
				CLANG_WARN_DIRECT_OBJC_ISA_USAGE = YES_ERROR;
				CLANG_WARN_DOCUMENTATION_COMMENTS = YES;
				CLANG_WARN_EMPTY_BODY = YES;
				CLANG_WARN_ENUM_CONVERSION = YES;
				CLANG_WARN_INFINITE_RECURSION = YES;
				CLANG_WARN_INT_CONVERSION = YES;
				CLANG_WARN_NON_LITERAL_NULL_CONVERSION = YES;
				CLANG_WARN_OBJC_IMPLICIT_RETAIN_SELF = YES;
				CLANG_WARN_OBJC_LITERAL_CONVERSION = YES;
				CLANG_WARN_OBJC_ROOT_CLASS = YES_ERROR;
				CLANG_WARN_QUOTED_INCLUDE_IN_FRAMEWORK_HEADER = YES;
				CLANG_WARN_RANGE_LOOP_ANALYSIS = YES;
				CLANG_WARN_STRICT_PROTOTYPES = YES;
				CLANG_WARN_SUSPICIOUS_MOVE = YES;
				CLANG_WARN_UNGUARDED_AVAILABILITY = YES_AGGRESSIVE;
				CLANG_WARN_UNREACHABLE_CODE = YES;
				CLANG_WARN__DUPLICATE_METHOD_MATCH = YES;
				COPY_PHASE_STRIP = NO;
				DEBUG_INFORMATION_FORMAT = dwarf;
				ENABLE_STRICT_OBJC_MSGSEND = YES;
				ENABLE_TESTABILITY = YES;
				ENABLE_USER_SCRIPT_SANDBOXING = YES;
				GCC_C_LANGUAGE_STANDARD = gnu17;
				GCC_DYNAMIC_NO_PIC = NO;
				GCC_NO_COMMON_BLOCKS = YES;
				GCC_OPTIMIZATION_LEVEL = 0;
				GCC_PREPROCESSOR_DEFINITIONS = (
					"DEBUG=1",
					"$(inherited)",
				);
				GCC_WARN_64_TO_32_BIT_CONVERSION = YES;
				GCC_WARN_ABOUT_RETURN_TYPE = YES_ERROR;
				GCC_WARN_UNDECLARED_SELECTOR = YES;
				GCC_WARN_UNINITIALIZED_AUTOS = YES_AGGRESSIVE;
				GCC_WARN_UNUSED_FUNCTION = YES;
				GCC_WARN_UNUSED_VARIABLE = YES;
				IPHONEOS_DEPLOYMENT_TARGET = 17.2;
				LOCALIZATION_PREFERS_STRING_CATALOGS = YES;
				MTL_ENABLE_DEBUG_INFO = INCLUDE_SOURCE;
				MTL_FAST_MATH = YES;
				ONLY_ACTIVE_ARCH = YES;
				SDKROOT = iphoneos;
				SWIFT_ACTIVE_COMPILATION_CONDITIONS = "DEBUG $(inherited)";
				SWIFT_OPTIMIZATION_LEVEL = "-Onone";
			};
			name = Debug;
		};
		04F6BFE92C8B1A3E00F037CC /* Release */ = {
			isa = XCBuildConfiguration;
			buildSettings = {
				ALWAYS_SEARCH_USER_PATHS = NO;
				ASSETCATALOG_COMPILER_GENERATE_SWIFT_ASSET_SYMBOL_EXTENSIONS = YES;
				CLANG_ANALYZER_NONNULL = YES;
				CLANG_ANALYZER_NUMBER_OBJECT_CONVERSION = YES_AGGRESSIVE;
				CLANG_CXX_LANGUAGE_STANDARD = "gnu++20";
				CLANG_ENABLE_MODULES = YES;
				CLANG_ENABLE_OBJC_ARC = YES;
				CLANG_ENABLE_OBJC_WEAK = YES;
				CLANG_WARN_BLOCK_CAPTURE_AUTORELEASING = YES;
				CLANG_WARN_BOOL_CONVERSION = YES;
				CLANG_WARN_COMMA = YES;
				CLANG_WARN_CONSTANT_CONVERSION = YES;
				CLANG_WARN_DEPRECATED_OBJC_IMPLEMENTATIONS = YES;
				CLANG_WARN_DIRECT_OBJC_ISA_USAGE = YES_ERROR;
				CLANG_WARN_DOCUMENTATION_COMMENTS = YES;
				CLANG_WARN_EMPTY_BODY = YES;
				CLANG_WARN_ENUM_CONVERSION = YES;
				CLANG_WARN_INFINITE_RECURSION = YES;
				CLANG_WARN_INT_CONVERSION = YES;
				CLANG_WARN_NON_LITERAL_NULL_CONVERSION = YES;
				CLANG_WARN_OBJC_IMPLICIT_RETAIN_SELF = YES;
				CLANG_WARN_OBJC_LITERAL_CONVERSION = YES;
				CLANG_WARN_OBJC_ROOT_CLASS = YES_ERROR;
				CLANG_WARN_QUOTED_INCLUDE_IN_FRAMEWORK_HEADER = YES;
				CLANG_WARN_RANGE_LOOP_ANALYSIS = YES;
				CLANG_WARN_STRICT_PROTOTYPES = YES;
				CLANG_WARN_SUSPICIOUS_MOVE = YES;
				CLANG_WARN_UNGUARDED_AVAILABILITY = YES_AGGRESSIVE;
				CLANG_WARN_UNREACHABLE_CODE = YES;
				CLANG_WARN__DUPLICATE_METHOD_MATCH = YES;
				COPY_PHASE_STRIP = NO;
				DEBUG_INFORMATION_FORMAT = "dwarf-with-dsym";
				ENABLE_NS_ASSERTIONS = NO;
				ENABLE_STRICT_OBJC_MSGSEND = YES;
				ENABLE_USER_SCRIPT_SANDBOXING = YES;
				GCC_C_LANGUAGE_STANDARD = gnu17;
				GCC_NO_COMMON_BLOCKS = YES;
				GCC_WARN_64_TO_32_BIT_CONVERSION = YES;
				GCC_WARN_ABOUT_RETURN_TYPE = YES_ERROR;
				GCC_WARN_UNDECLARED_SELECTOR = YES;
				GCC_WARN_UNINITIALIZED_AUTOS = YES_AGGRESSIVE;
				GCC_WARN_UNUSED_FUNCTION = YES;
				GCC_WARN_UNUSED_VARIABLE = YES;
				IPHONEOS_DEPLOYMENT_TARGET = 17.2;
				LOCALIZATION_PREFERS_STRING_CATALOGS = YES;
				MTL_ENABLE_DEBUG_INFO = NO;
				MTL_FAST_MATH = YES;
				SDKROOT = iphoneos;
				SWIFT_COMPILATION_MODE = wholemodule;
				VALIDATE_PRODUCT = YES;
			};
			name = Release;
		};
		04F6BFEB2C8B1A3E00F037CC /* Debug */ = {
			isa = XCBuildConfiguration;
			buildSettings = {
				ALWAYS_EMBED_SWIFT_STANDARD_LIBRARIES = YES;
				ASSETCATALOG_COMPILER_APPICON_NAME = AppIcon;
				ASSETCATALOG_COMPILER_GLOBAL_ACCENT_COLOR_NAME = AccentColor;
				CODE_SIGN_ENTITLEMENTS = BugIt/BugIt.entitlements;
				CODE_SIGN_STYLE = Automatic;
				CURRENT_PROJECT_VERSION = 1;
				DEVELOPMENT_ASSET_PATHS = "\"BugIt/Preview Content\"";
				DEVELOPMENT_TEAM = 42X54ZR4SN;
				ENABLE_PREVIEWS = YES;
				GENERATE_INFOPLIST_FILE = YES;
				INFOPLIST_FILE = BugIt/Info.plist;
				INFOPLIST_KEY_UIApplicationSceneManifest_Generation = YES;
				INFOPLIST_KEY_UIApplicationSupportsIndirectInputEvents = YES;
				INFOPLIST_KEY_UILaunchScreen_Generation = YES;
				INFOPLIST_KEY_UISupportedInterfaceOrientations_iPad = "UIInterfaceOrientationPortrait UIInterfaceOrientationPortraitUpsideDown UIInterfaceOrientationLandscapeLeft UIInterfaceOrientationLandscapeRight";
				INFOPLIST_KEY_UISupportedInterfaceOrientations_iPhone = "UIInterfaceOrientationPortrait UIInterfaceOrientationLandscapeLeft UIInterfaceOrientationLandscapeRight";
				IPHONEOS_DEPLOYMENT_TARGET = 15.0;
				LD_RUNPATH_SEARCH_PATHS = (
					"$(inherited)",
					"@executable_path/Frameworks",
				);
				MARKETING_VERSION = 1.0;
				PRODUCT_BUNDLE_IDENTIFIER = com.AbdulrahmanAlaa.BugIt;
				PRODUCT_NAME = "$(TARGET_NAME)";
				SWIFT_EMIT_LOC_STRINGS = YES;
				SWIFT_VERSION = 5.0;
				TARGETED_DEVICE_FAMILY = "1,2";
			};
			name = Debug;
		};
		04F6BFEC2C8B1A3E00F037CC /* Release */ = {
			isa = XCBuildConfiguration;
			buildSettings = {
				ALWAYS_EMBED_SWIFT_STANDARD_LIBRARIES = YES;
				ASSETCATALOG_COMPILER_APPICON_NAME = AppIcon;
				ASSETCATALOG_COMPILER_GLOBAL_ACCENT_COLOR_NAME = AccentColor;
				CODE_SIGN_ENTITLEMENTS = BugIt/BugIt.entitlements;
				CODE_SIGN_STYLE = Automatic;
				CURRENT_PROJECT_VERSION = 1;
				DEVELOPMENT_ASSET_PATHS = "\"BugIt/Preview Content\"";
				DEVELOPMENT_TEAM = 42X54ZR4SN;
				ENABLE_PREVIEWS = YES;
				GENERATE_INFOPLIST_FILE = YES;
				INFOPLIST_FILE = BugIt/Info.plist;
				INFOPLIST_KEY_UIApplicationSceneManifest_Generation = YES;
				INFOPLIST_KEY_UIApplicationSupportsIndirectInputEvents = YES;
				INFOPLIST_KEY_UILaunchScreen_Generation = YES;
				INFOPLIST_KEY_UISupportedInterfaceOrientations_iPad = "UIInterfaceOrientationPortrait UIInterfaceOrientationPortraitUpsideDown UIInterfaceOrientationLandscapeLeft UIInterfaceOrientationLandscapeRight";
				INFOPLIST_KEY_UISupportedInterfaceOrientations_iPhone = "UIInterfaceOrientationPortrait UIInterfaceOrientationLandscapeLeft UIInterfaceOrientationLandscapeRight";
				IPHONEOS_DEPLOYMENT_TARGET = 15.0;
				LD_RUNPATH_SEARCH_PATHS = (
					"$(inherited)",
					"@executable_path/Frameworks",
				);
				MARKETING_VERSION = 1.0;
				PRODUCT_BUNDLE_IDENTIFIER = com.AbdulrahmanAlaa.BugIt;
				PRODUCT_NAME = "$(TARGET_NAME)";
				SWIFT_EMIT_LOC_STRINGS = YES;
				SWIFT_VERSION = 5.0;
				TARGETED_DEVICE_FAMILY = "1,2";
			};
			name = Release;
		};
/* End XCBuildConfiguration section */

/* Begin XCConfigurationList section */
		049879E12C8B4D6100C49457 /* Build configuration list for PBXNativeTarget "Share" */ = {
			isa = XCConfigurationList;
			buildConfigurations = (
				049879E22C8B4D6100C49457 /* Debug */,
				049879E32C8B4D6100C49457 /* Release */,
			);
			defaultConfigurationIsVisible = 0;
			defaultConfigurationName = Release;
		};
		04F6BFD72C8B1A3D00F037CC /* Build configuration list for PBXProject "BugIt" */ = {
			isa = XCConfigurationList;
			buildConfigurations = (
				04F6BFE82C8B1A3E00F037CC /* Debug */,
				04F6BFE92C8B1A3E00F037CC /* Release */,
			);
			defaultConfigurationIsVisible = 0;
			defaultConfigurationName = Release;
		};
		04F6BFEA2C8B1A3E00F037CC /* Build configuration list for PBXNativeTarget "BugIt" */ = {
			isa = XCConfigurationList;
			buildConfigurations = (
				04F6BFEB2C8B1A3E00F037CC /* Debug */,
				04F6BFEC2C8B1A3E00F037CC /* Release */,
			);
			defaultConfigurationIsVisible = 0;
			defaultConfigurationName = Release;
		};
/* End XCConfigurationList section */

/* Begin XCRemoteSwiftPackageReference section */
		04479BA62C8B289B00B886AE /* XCRemoteSwiftPackageReference "firebase-ios-sdk" */ = {
			isa = XCRemoteSwiftPackageReference;
			repositoryURL = "https://github.com/firebase/firebase-ios-sdk.git";
			requirement = {
				kind = upToNextMajorVersion;
				minimumVersion = 11.1.0;
			};
		};
		04479BC92C8B33D100B886AE /* XCRemoteSwiftPackageReference "GoogleSignIn-iOS" */ = {
			isa = XCRemoteSwiftPackageReference;
			repositoryURL = "https://github.com/google/GoogleSignIn-iOS";
			requirement = {
				kind = upToNextMajorVersion;
				minimumVersion = 8.0.0;
			};
		};
		049879A32C8B35D500C49457 /* XCRemoteSwiftPackageReference "google-api-objectivec-client-for-rest" */ = {
			isa = XCRemoteSwiftPackageReference;
			repositoryURL = "https://github.com/google/google-api-objectivec-client-for-rest.git";
			requirement = {
				branch = main;
				kind = branch;
			};
		};
/* End XCRemoteSwiftPackageReference section */

/* Begin XCSwiftPackageProductDependency section */
		04479BA72C8B289B00B886AE /* FirebaseStorage */ = {
			isa = XCSwiftPackageProductDependency;
			package = 04479BA62C8B289B00B886AE /* XCRemoteSwiftPackageReference "firebase-ios-sdk" */;
			productName = FirebaseStorage;
		};
		04479BCA2C8B33D100B886AE /* GoogleSignIn */ = {
			isa = XCSwiftPackageProductDependency;
			package = 04479BC92C8B33D100B886AE /* XCRemoteSwiftPackageReference "GoogleSignIn-iOS" */;
			productName = GoogleSignIn;
		};
		04479BCC2C8B33D100B886AE /* GoogleSignInSwift */ = {
			isa = XCSwiftPackageProductDependency;
			package = 04479BC92C8B33D100B886AE /* XCRemoteSwiftPackageReference "GoogleSignIn-iOS" */;
			productName = GoogleSignInSwift;
		};
		049879C12C8B35F500C49457 /* GoogleAPIClientForREST_Sheets */ = {
			isa = XCSwiftPackageProductDependency;
			package = 049879A32C8B35D500C49457 /* XCRemoteSwiftPackageReference "google-api-objectivec-client-for-rest" */;
			productName = GoogleAPIClientForREST_Sheets;
		};
/* End XCSwiftPackageProductDependency section */
	};
	rootObject = 04F6BFD42C8B1A3D00F037CC /* Project object */;
}
